// !$*UTF8*$!
{
	archiveVersion = 1;
	classes = {
	};
	objectVersion = 46;
	objects = {

/* Begin PBXBuildFile section */
		D80EBFB316C0F29700A23156 /* unread.png in Resources */ = {isa = PBXBuildFile; fileRef = D80EBFB216C0F29700A23156 /* unread.png */; };
		D854A23E16BF80670089BD11 /* Cocoa.framework in Frameworks */ = {isa = PBXBuildFile; fileRef = D854A23D16BF80670089BD11 /* Cocoa.framework */; };
		D854A24016BF80670089BD11 /* MacRuby.framework in Frameworks */ = {isa = PBXBuildFile; fileRef = D854A23F16BF80670089BD11 /* MacRuby.framework */; };
		D854A24916BF80670089BD11 /* InfoPlist.strings in Resources */ = {isa = PBXBuildFile; fileRef = D854A24716BF80670089BD11 /* InfoPlist.strings */; };
		D854A24B16BF80670089BD11 /* main.m in Sources */ = {isa = PBXBuildFile; fileRef = D854A24A16BF80670089BD11 /* main.m */; };
		D854A25016BF80680089BD11 /* MainMenu.xib in Resources */ = {isa = PBXBuildFile; fileRef = D854A24E16BF80680089BD11 /* MainMenu.xib */; };
		D854A25316BF80680089BD11 /* rb_main.rb in Resources */ = {isa = PBXBuildFile; fileRef = D854A25216BF80680089BD11 /* rb_main.rb */; };
		D854A25516BF80680089BD11 /* AppDelegate.rb in Resources */ = {isa = PBXBuildFile; fileRef = D854A25416BF80680089BD11 /* AppDelegate.rb */; };
		D854A26216BF82F00089BD11 /* Parser.rb in Resources */ = {isa = PBXBuildFile; fileRef = D854A26116BF82F00089BD11 /* Parser.rb */; };
		D854A26616BF86730089BD11 /* Post.rb in Resources */ = {isa = PBXBuildFile; fileRef = D854A26516BF86730089BD11 /* Post.rb */; };
		D854A26C16BF91DD0089BD11 /* WebKit.framework in Frameworks */ = {isa = PBXBuildFile; fileRef = D854A26B16BF91DD0089BD11 /* WebKit.framework */; };
		D854A26E16BF92990089BD11 /* PostController.rb in Resources */ = {isa = PBXBuildFile; fileRef = D854A26D16BF92990089BD11 /* PostController.rb */; };
		D854A27016BFB0680089BD11 /* main.css in Resources */ = {isa = PBXBuildFile; fileRef = D854A26F16BFB0680089BD11 /* main.css */; };
		D854A27316BFDF1A0089BD11 /* PostCell.rb in Resources */ = {isa = PBXBuildFile; fileRef = D854A27216BFDF1A0089BD11 /* PostCell.rb */; };
		D854A27816BFF6A40089BD11 /* Feed.rb in Resources */ = {isa = PBXBuildFile; fileRef = D854A27716BFF6A40089BD11 /* Feed.rb */; };
		D854A27B16BFFB100089BD11 /* readFavor.xcdatamodeld in Sources */ = {isa = PBXBuildFile; fileRef = D854A27916BFFB100089BD11 /* readFavor.xcdatamodeld */; };
		D854A27D16BFFE510089BD11 /* AddFeedView.xib in Resources */ = {isa = PBXBuildFile; fileRef = D854A27C16BFFE510089BD11 /* AddFeedView.xib */; };
		D854A27F16C001370089BD11 /* FeedController.rb in Resources */ = {isa = PBXBuildFile; fileRef = D854A27E16C001370089BD11 /* FeedController.rb */; };
		D854A28216C0017B0089BD11 /* FeedCell.rb in Resources */ = {isa = PBXBuildFile; fileRef = D854A28116C0017B0089BD11 /* FeedCell.rb */; };
		D8E6A68016C157AD00D170A0 /* Budget.rb in Resources */ = {isa = PBXBuildFile; fileRef = D8E6A67F16C157AD00D170A0 /* Budget.rb */; };
		D8E6F0B616C2292C00FB1719 /* QuartzCore.framework in Frameworks */ = {isa = PBXBuildFile; fileRef = D8E6F0B516C2292C00FB1719 /* QuartzCore.framework */; };
		D8E6F0B916C22B7900FB1719 /* SplitViewController.rb in Resources */ = {isa = PBXBuildFile; fileRef = D8E6F0B816C22B7800FB1719 /* SplitViewController.rb */; };
/* End PBXBuildFile section */

/* Begin PBXContainerItemProxy section */
		D854A24216BF80670089BD11 /* PBXContainerItemProxy */ = {
			isa = PBXContainerItemProxy;
			containerPortal = D854A23016BF80670089BD11 /* Project object */;
			proxyType = 1;
			remoteGlobalIDString = D854A23816BF80670089BD11;
			remoteInfo = "read favor";
		};
/* End PBXContainerItemProxy section */

/* Begin PBXFileReference section */
		D80EBFB216C0F29700A23156 /* unread.png */ = {isa = PBXFileReference; lastKnownFileType = image.png; path = unread.png; sourceTree = "<group>"; };
		D854A23916BF80670089BD11 /* read favor.app */ = {isa = PBXFileReference; explicitFileType = wrapper.application; includeInIndex = 0; path = "read favor.app"; sourceTree = BUILT_PRODUCTS_DIR; };
		D854A23D16BF80670089BD11 /* Cocoa.framework */ = {isa = PBXFileReference; lastKnownFileType = wrapper.framework; name = Cocoa.framework; path = System/Library/Frameworks/Cocoa.framework; sourceTree = SDKROOT; };
		D854A23F16BF80670089BD11 /* MacRuby.framework */ = {isa = PBXFileReference; lastKnownFileType = wrapper.framework; name = MacRuby.framework; path = Library/Frameworks/MacRuby.framework; sourceTree = DEVELOPER_DIR; };
		D854A24616BF80670089BD11 /* read favor-Info.plist */ = {isa = PBXFileReference; lastKnownFileType = text.plist.xml; path = "read favor-Info.plist"; sourceTree = "<group>"; };
		D854A24816BF80670089BD11 /* en */ = {isa = PBXFileReference; lastKnownFileType = text.plist.strings; name = en; path = en.lproj/InfoPlist.strings; sourceTree = "<group>"; };
		D854A24A16BF80670089BD11 /* main.m */ = {isa = PBXFileReference; lastKnownFileType = sourcecode.c.objc; path = main.m; sourceTree = "<group>"; };
		D854A24C16BF80670089BD11 /* read favor-Prefix.pch */ = {isa = PBXFileReference; lastKnownFileType = sourcecode.c.h; path = "read favor-Prefix.pch"; sourceTree = "<group>"; };
		D854A24F16BF80680089BD11 /* en */ = {isa = PBXFileReference; lastKnownFileType = file.xib; name = en; path = en.lproj/MainMenu.xib; sourceTree = "<group>"; };
		D854A25216BF80680089BD11 /* rb_main.rb */ = {isa = PBXFileReference; lastKnownFileType = text.script.ruby; path = rb_main.rb; sourceTree = "<group>"; };
		D854A25416BF80680089BD11 /* AppDelegate.rb */ = {isa = PBXFileReference; lastKnownFileType = text.script.ruby; path = AppDelegate.rb; sourceTree = "<group>"; };
		D854A26116BF82F00089BD11 /* Parser.rb */ = {isa = PBXFileReference; fileEncoding = 4; lastKnownFileType = text.script.ruby; path = Parser.rb; sourceTree = "<group>"; };
		D854A26516BF86730089BD11 /* Post.rb */ = {isa = PBXFileReference; fileEncoding = 4; lastKnownFileType = text.script.ruby; path = Post.rb; sourceTree = "<group>"; };
		D854A26B16BF91DD0089BD11 /* WebKit.framework */ = {isa = PBXFileReference; lastKnownFileType = wrapper.framework; name = WebKit.framework; path = System/Library/Frameworks/WebKit.framework; sourceTree = SDKROOT; };
		D854A26D16BF92990089BD11 /* PostController.rb */ = {isa = PBXFileReference; fileEncoding = 4; lastKnownFileType = text.script.ruby; path = PostController.rb; sourceTree = "<group>"; };
		D854A26F16BFB0680089BD11 /* main.css */ = {isa = PBXFileReference; fileEncoding = 4; lastKnownFileType = text.css; path = main.css; sourceTree = "<group>"; };
		D854A27216BFDF1A0089BD11 /* PostCell.rb */ = {isa = PBXFileReference; fileEncoding = 4; lastKnownFileType = text.script.ruby; path = PostCell.rb; sourceTree = "<group>"; };
		D854A27716BFF6A40089BD11 /* Feed.rb */ = {isa = PBXFileReference; fileEncoding = 4; lastKnownFileType = text.script.ruby; path = Feed.rb; sourceTree = "<group>"; };
		D854A27A16BFFB100089BD11 /* readFavor.xcdatamodel */ = {isa = PBXFileReference; lastKnownFileType = wrapper.xcdatamodel; path = readFavor.xcdatamodel; sourceTree = "<group>"; };
		D854A27C16BFFE510089BD11 /* AddFeedView.xib */ = {isa = PBXFileReference; fileEncoding = 4; lastKnownFileType = file.xib; path = AddFeedView.xib; sourceTree = "<group>"; };
		D854A27E16C001370089BD11 /* FeedController.rb */ = {isa = PBXFileReference; fileEncoding = 4; lastKnownFileType = text.script.ruby; path = FeedController.rb; sourceTree = "<group>"; };
		D854A28116C0017B0089BD11 /* FeedCell.rb */ = {isa = PBXFileReference; fileEncoding = 4; lastKnownFileType = text.script.ruby; path = FeedCell.rb; sourceTree = "<group>"; };
		D8E6A67F16C157AD00D170A0 /* Budget.rb */ = {isa = PBXFileReference; fileEncoding = 4; lastKnownFileType = text.script.ruby; path = Budget.rb; sourceTree = "<group>"; };
		D8E6F0B516C2292C00FB1719 /* QuartzCore.framework */ = {isa = PBXFileReference; lastKnownFileType = wrapper.framework; name = QuartzCore.framework; path = System/Library/Frameworks/QuartzCore.framework; sourceTree = SDKROOT; };
		D8E6F0B816C22B7800FB1719 /* SplitViewController.rb */ = {isa = PBXFileReference; fileEncoding = 4; lastKnownFileType = text.script.ruby; path = SplitViewController.rb; sourceTree = "<group>"; };
/* End PBXFileReference section */

/* Begin PBXFrameworksBuildPhase section */
		D854A23616BF80670089BD11 /* Frameworks */ = {
			isa = PBXFrameworksBuildPhase;
			buildActionMask = 2147483647;
			files = (
				D8E6F0B616C2292C00FB1719 /* QuartzCore.framework in Frameworks */,
				D854A26C16BF91DD0089BD11 /* WebKit.framework in Frameworks */,
				D854A23E16BF80670089BD11 /* Cocoa.framework in Frameworks */,
				D854A24016BF80670089BD11 /* MacRuby.framework in Frameworks */,
			);
			runOnlyForDeploymentPostprocessing = 0;
		};
/* End PBXFrameworksBuildPhase section */

/* Begin PBXGroup section */
		D854A22E16BF80670089BD11 = {
			isa = PBXGroup;
			children = (
				D854A24416BF80670089BD11 /* read favor */,
				D854A23C16BF80670089BD11 /* Frameworks */,
				D854A23A16BF80670089BD11 /* Products */,
			);
			sourceTree = "<group>";
		};
		D854A23A16BF80670089BD11 /* Products */ = {
			isa = PBXGroup;
			children = (
				D854A23916BF80670089BD11 /* read favor.app */,
			);
			name = Products;
			sourceTree = "<group>";
		};
		D854A23C16BF80670089BD11 /* Frameworks */ = {
			isa = PBXGroup;
			children = (
				D8E6F0B516C2292C00FB1719 /* QuartzCore.framework */,
				D854A26B16BF91DD0089BD11 /* WebKit.framework */,
				D854A23D16BF80670089BD11 /* Cocoa.framework */,
				D854A23F16BF80670089BD11 /* MacRuby.framework */,
			);
			name = Frameworks;
			sourceTree = "<group>";
		};
		D854A24416BF80670089BD11 /* read favor */ = {
			isa = PBXGroup;
			children = (
				D854A28016C0014A0089BD11 /* Model */,
				D854A27116BFB8200089BD11 /* Cell */,
				D854A25416BF80680089BD11 /* AppDelegate.rb */,
				D854A24D16BF80680089BD11 /* Resources */,
				D854A25116BF80680089BD11 /* Other Sources */,
				D854A24516BF80670089BD11 /* Supporting Files */,
				D854A26116BF82F00089BD11 /* Parser.rb */,
				D854A26D16BF92990089BD11 /* PostController.rb */,
				D854A27E16C001370089BD11 /* FeedController.rb */,
				D8E6F0B816C22B7800FB1719 /* SplitViewController.rb */,
			);
			path = "read favor";
			sourceTree = "<group>";
		};
		D854A24516BF80670089BD11 /* Supporting Files */ = {
			isa = PBXGroup;
			children = (
				D854A24616BF80670089BD11 /* read favor-Info.plist */,
				D854A24716BF80670089BD11 /* InfoPlist.strings */,
				D854A24A16BF80670089BD11 /* main.m */,
				D854A24C16BF80670089BD11 /* read favor-Prefix.pch */,
			);
			name = "Supporting Files";
			sourceTree = "<group>";
		};
		D854A24D16BF80680089BD11 /* Resources */ = {
			isa = PBXGroup;
			children = (
				D8E6F0BA16C22BA900FB1719 /* static */,
				D854A24E16BF80680089BD11 /* MainMenu.xib */,
				D854A27916BFFB100089BD11 /* readFavor.xcdatamodeld */,
				D854A27C16BFFE510089BD11 /* AddFeedView.xib */,
			);
			name = Resources;
			sourceTree = "<group>";
		};
		D854A25116BF80680089BD11 /* Other Sources */ = {
			isa = PBXGroup;
			children = (
				D854A25216BF80680089BD11 /* rb_main.rb */,
			);
			name = "Other Sources";
			sourceTree = "<group>";
		};
		D854A27116BFB8200089BD11 /* Cell */ = {
			isa = PBXGroup;
			children = (
				D854A27216BFDF1A0089BD11 /* PostCell.rb */,
				D854A28116C0017B0089BD11 /* FeedCell.rb */,
				D8E6A67F16C157AD00D170A0 /* Budget.rb */,
			);
			name = Cell;
			sourceTree = "<group>";
		};
		D854A28016C0014A0089BD11 /* Model */ = {
			isa = PBXGroup;
			children = (
				D854A27716BFF6A40089BD11 /* Feed.rb */,
				D854A26516BF86730089BD11 /* Post.rb */,
			);
			name = Model;
			sourceTree = "<group>";
		};
		D8E6F0BA16C22BA900FB1719 /* static */ = {
			isa = PBXGroup;
			children = (
				D854A26F16BFB0680089BD11 /* main.css */,
				D80EBFB216C0F29700A23156 /* unread.png */,
			);
			name = static;
			sourceTree = "<group>";
		};
/* End PBXGroup section */

/* Begin PBXLegacyTarget section */
		D854A24116BF80670089BD11 /* Deployment */ = {
			isa = PBXLegacyTarget;
			buildArgumentsString = "--compile --embed";
			buildConfigurationList = D854A25E16BF80680089BD11 /* Build configuration list for PBXLegacyTarget "Deployment" */;
			buildPhases = (
			);
			buildToolPath = /usr/local/bin/macruby_deploy;
			dependencies = (
				D854A24316BF80670089BD11 /* PBXTargetDependency */,
			);
			name = Deployment;
			passBuildSettingsInEnvironment = 1;
			productName = Deployment;
		};
/* End PBXLegacyTarget section */

/* Begin PBXNativeTarget section */
		D854A23816BF80670089BD11 /* read favor */ = {
			isa = PBXNativeTarget;
			buildConfigurationList = D854A25B16BF80680089BD11 /* Build configuration list for PBXNativeTarget "read favor" */;
			buildPhases = (
				D854A23516BF80670089BD11 /* Sources */,
				D854A23616BF80670089BD11 /* Frameworks */,
				D854A23716BF80670089BD11 /* Resources */,
			);
			buildRules = (
			);
			dependencies = (
			);
			name = "read favor";
			productName = "read favor";
			productReference = D854A23916BF80670089BD11 /* read favor.app */;
			productType = "com.apple.product-type.application";
		};
/* End PBXNativeTarget section */

/* Begin PBXProject section */
		D854A23016BF80670089BD11 /* Project object */ = {
			isa = PBXProject;
			attributes = {
				LastUpgradeCheck = 0450;
				ORGANIZATIONNAME = konglingliang;
			};
			buildConfigurationList = D854A23316BF80670089BD11 /* Build configuration list for PBXProject "read favor" */;
			compatibilityVersion = "Xcode 3.2";
			developmentRegion = English;
			hasScannedForEncodings = 0;
			knownRegions = (
				en,
			);
			mainGroup = D854A22E16BF80670089BD11;
			productRefGroup = D854A23A16BF80670089BD11 /* Products */;
			projectDirPath = "";
			projectRoot = "";
			targets = (
				D854A23816BF80670089BD11 /* read favor */,
				D854A24116BF80670089BD11 /* Deployment */,
			);
		};
/* End PBXProject section */

/* Begin PBXResourcesBuildPhase section */
		D854A23716BF80670089BD11 /* Resources */ = {
			isa = PBXResourcesBuildPhase;
			buildActionMask = 2147483647;
			files = (
				D854A24916BF80670089BD11 /* InfoPlist.strings in Resources */,
				D854A25016BF80680089BD11 /* MainMenu.xib in Resources */,
				D854A25316BF80680089BD11 /* rb_main.rb in Resources */,
				D854A25516BF80680089BD11 /* AppDelegate.rb in Resources */,
				D854A26216BF82F00089BD11 /* Parser.rb in Resources */,
				D854A26616BF86730089BD11 /* Post.rb in Resources */,
				D854A26E16BF92990089BD11 /* PostController.rb in Resources */,
				D854A27016BFB0680089BD11 /* main.css in Resources */,
				D854A27316BFDF1A0089BD11 /* PostCell.rb in Resources */,
				D854A27816BFF6A40089BD11 /* Feed.rb in Resources */,
				D854A27D16BFFE510089BD11 /* AddFeedView.xib in Resources */,
				D854A27F16C001370089BD11 /* FeedController.rb in Resources */,
				D854A28216C0017B0089BD11 /* FeedCell.rb in Resources */,
				D80EBFB316C0F29700A23156 /* unread.png in Resources */,
				D8E6A68016C157AD00D170A0 /* Budget.rb in Resources */,
				D8E6F0B916C22B7900FB1719 /* SplitViewController.rb in Resources */,
			);
			runOnlyForDeploymentPostprocessing = 0;
		};
/* End PBXResourcesBuildPhase section */

/* Begin PBXSourcesBuildPhase section */
		D854A23516BF80670089BD11 /* Sources */ = {
			isa = PBXSourcesBuildPhase;
			buildActionMask = 2147483647;
			files = (
				D854A24B16BF80670089BD11 /* main.m in Sources */,
				D854A27B16BFFB100089BD11 /* readFavor.xcdatamodeld in Sources */,
			);
			runOnlyForDeploymentPostprocessing = 0;
		};
/* End PBXSourcesBuildPhase section */

/* Begin PBXTargetDependency section */
		D854A24316BF80670089BD11 /* PBXTargetDependency */ = {
			isa = PBXTargetDependency;
			target = D854A23816BF80670089BD11 /* read favor */;
			targetProxy = D854A24216BF80670089BD11 /* PBXContainerItemProxy */;
		};
/* End PBXTargetDependency section */

/* Begin PBXVariantGroup section */
		D854A24716BF80670089BD11 /* InfoPlist.strings */ = {
			isa = PBXVariantGroup;
			children = (
				D854A24816BF80670089BD11 /* en */,
			);
			name = InfoPlist.strings;
			sourceTree = "<group>";
		};
		D854A24E16BF80680089BD11 /* MainMenu.xib */ = {
			isa = PBXVariantGroup;
			children = (
				D854A24F16BF80680089BD11 /* en */,
			);
			name = MainMenu.xib;
			sourceTree = "<group>";
		};
/* End PBXVariantGroup section */

/* Begin XCBuildConfiguration section */
		D854A25916BF80680089BD11 /* Debug */ = {
			isa = XCBuildConfiguration;
			buildSettings = {
				ALWAYS_SEARCH_USER_PATHS = NO;
				ARCHS = "$(ARCHS_STANDARD_64_BIT)";
				CLANG_CXX_LANGUAGE_STANDARD = "gnu++0x";
				CLANG_CXX_LIBRARY = "libc++";
				CLANG_WARN_EMPTY_BODY = YES;
				CLANG_WARN__DUPLICATE_METHOD_MATCH = YES;
				COPY_PHASE_STRIP = NO;
				GCC_C_LANGUAGE_STANDARD = gnu99;
				GCC_DYNAMIC_NO_PIC = NO;
				GCC_ENABLE_OBJC_EXCEPTIONS = YES;
				GCC_OPTIMIZATION_LEVEL = 0;
				GCC_PREPROCESSOR_DEFINITIONS = (
					"DEBUG=1",
					"$(inherited)",
				);
				GCC_SYMBOLS_PRIVATE_EXTERN = NO;
				GCC_WARN_64_TO_32_BIT_CONVERSION = YES;
				GCC_WARN_ABOUT_RETURN_TYPE = YES;
				GCC_WARN_UNINITIALIZED_AUTOS = YES;
				GCC_WARN_UNUSED_VARIABLE = YES;
				MACOSX_DEPLOYMENT_TARGET = 10.7;
				ONLY_ACTIVE_ARCH = YES;
				SDKROOT = macosx;
			};
			name = Debug;
		};
		D854A25A16BF80680089BD11 /* Release */ = {
			isa = XCBuildConfiguration;
			buildSettings = {
				ALWAYS_SEARCH_USER_PATHS = NO;
				ARCHS = "$(ARCHS_STANDARD_64_BIT)";
				CLANG_CXX_LANGUAGE_STANDARD = "gnu++0x";
				CLANG_CXX_LIBRARY = "libc++";
				CLANG_WARN_EMPTY_BODY = YES;
				CLANG_WARN__DUPLICATE_METHOD_MATCH = YES;
				COPY_PHASE_STRIP = YES;
				DEBUG_INFORMATION_FORMAT = "dwarf-with-dsym";
				GCC_C_LANGUAGE_STANDARD = gnu99;
				GCC_ENABLE_OBJC_EXCEPTIONS = YES;
				GCC_WARN_64_TO_32_BIT_CONVERSION = YES;
				GCC_WARN_ABOUT_RETURN_TYPE = YES;
				GCC_WARN_UNINITIALIZED_AUTOS = YES;
				GCC_WARN_UNUSED_VARIABLE = YES;
				MACOSX_DEPLOYMENT_TARGET = 10.7;
				SDKROOT = macosx;
			};
			name = Release;
		};
		D854A25C16BF80680089BD11 /* Debug */ = {
			isa = XCBuildConfiguration;
			buildSettings = {
				ARCHS = x86_64;
				FRAMEWORK_SEARCH_PATHS = (
					"$(inherited)",
					"\"$(SYSTEM_APPS_DIR)/Xcode.app/Contents/Developer/Library/Frameworks\"",
					/Library/Frameworks,
				);
				GCC_ENABLE_OBJC_GC = required;
				GCC_PRECOMPILE_PREFIX_HEADER = YES;
				GCC_PREFIX_HEADER = "read favor/read favor-Prefix.pch";
				INFOPLIST_FILE = "read favor/read favor-Info.plist";
				PRODUCT_NAME = "$(TARGET_NAME)";
				WRAPPER_EXTENSION = app;
			};
			name = Debug;
		};
		D854A25D16BF80680089BD11 /* Release */ = {
			isa = XCBuildConfiguration;
			buildSettings = {
				ARCHS = x86_64;
				FRAMEWORK_SEARCH_PATHS = (
					"$(inherited)",
					"\"$(SYSTEM_APPS_DIR)/Xcode.app/Contents/Developer/Library/Frameworks\"",
					/Library/Frameworks,
				);
				GCC_ENABLE_OBJC_GC = required;
				GCC_PRECOMPILE_PREFIX_HEADER = YES;
				GCC_PREFIX_HEADER = "read favor/read favor-Prefix.pch";
				INFOPLIST_FILE = "read favor/read favor-Info.plist";
				PRODUCT_NAME = "$(TARGET_NAME)";
				WRAPPER_EXTENSION = app;
			};
			name = Release;
		};
		D854A25F16BF80680089BD11 /* Debug */ = {
			isa = XCBuildConfiguration;
			buildSettings = {
			};
			name = Debug;
		};
		D854A26016BF80680089BD11 /* Release */ = {
			isa = XCBuildConfiguration;
			buildSettings = {
			};
			name = Release;
		};
/* End XCBuildConfiguration section */

/* Begin XCConfigurationList section */
		D854A23316BF80670089BD11 /* Build configuration list for PBXProject "read favor" */ = {
			isa = XCConfigurationList;
			buildConfigurations = (
				D854A25916BF80680089BD11 /* Debug */,
				D854A25A16BF80680089BD11 /* Release */,
			);
			defaultConfigurationIsVisible = 0;
			defaultConfigurationName = Release;
		};
		D854A25B16BF80680089BD11 /* Build configuration list for PBXNativeTarget "read favor" */ = {
			isa = XCConfigurationList;
			buildConfigurations = (
				D854A25C16BF80680089BD11 /* Debug */,
				D854A25D16BF80680089BD11 /* Release */,
			);
			defaultConfigurationIsVisible = 0;
			defaultConfigurationName = Release;
		};
		D854A25E16BF80680089BD11 /* Build configuration list for PBXLegacyTarget "Deployment" */ = {
			isa = XCConfigurationList;
			buildConfigurations = (
				D854A25F16BF80680089BD11 /* Debug */,
				D854A26016BF80680089BD11 /* Release */,
			);
			defaultConfigurationIsVisible = 0;
			defaultConfigurationName = Release;
		};
/* End XCConfigurationList section */

/* Begin XCVersionGroup section */
		D854A27916BFFB100089BD11 /* readFavor.xcdatamodeld */ = {
			isa = XCVersionGroup;
			children = (
				D854A27A16BFFB100089BD11 /* readFavor.xcdatamodel */,
			);
			currentVersion = D854A27A16BFFB100089BD11 /* readFavor.xcdatamodel */;
			path = readFavor.xcdatamodeld;
			sourceTree = "<group>";
			versionGroupType = wrapper.xcdatamodel;
		};
/* End XCVersionGroup section */
	};
	rootObject = D854A23016BF80670089BD11 /* Project object */;
}
